
Microsoft Visual Studio Solution File, Format Version 12.00
# Visual Studio 2013
VisualStudioVersion = 12.0.30723.0
MinimumVisualStudioVersion = 10.0.40219.1
Project("{FAE04EC0-301F-11D3-BF4B-00C04F79EFBC}") = "car-app", "car-app\car-app.csproj", "{3272C6D9-B899-4A39-A2CE-BD42AB0B2DD1}"
EndProject
Global
	GlobalSection(SolutionConfigurationPlatforms) = preSolution
		Debug|Any CPU = Debug|Any CPU
		Release|Any CPU = Release|Any CPU
	EndGlobalSection
	GlobalSection(ProjectConfigurationPlatforms) = postSolution
		{3272C6D9-B899-4A39-A2CE-BD42AB0B2DD1}.Debug|Any CPU.ActiveCfg = Debug|Any CPU
		{3272C6D9-B899-4A39-A2CE-BD42AB0B2DD1}.Debug|Any CPU.Build.0 = Debug|Any CPU
		{3272C6D9-B899-4A39-A2CE-BD42AB0B2DD1}.Release|Any CPU.ActiveCfg = Release|Any CPU
		{3272C6D9-B899-4A39-A2CE-BD42AB0B2DD1}.Release|Any CPU.Build.0 = Release|Any CPU
	EndGlobalSection
	GlobalSection(SolutionProperties) = preSolution
		HideSolutionNode = FALSE
	EndGlobalSection
EndGlobal
